
Microsoft Visual Studio Solution File, Format Version 12.00
# Visual Studio Version 16
VisualStudioVersion = 16.0.31025.194
MinimumVisualStudioVersion = 10.0.40219.1
Project("{FAE04EC0-301F-11D3-BF4B-00C04F79EFBC}") = "CarpAssociationWebsite", "CarpAssociationWebsite\CarpAssociationWebsite.csproj", "{45EE3B52-D3CE-4BA3-B4D8-88C4339FC4AC}"
EndProject
Global
	GlobalSection(SolutionConfigurationPlatforms) = preSolution
		Debug|Any CPU = Debug|Any CPU
		Release|Any CPU = Release|Any CPU
	EndGlobalSection
	GlobalSection(ProjectConfigurationPlatforms) = postSolution
		{45EE3B52-D3CE-4BA3-B4D8-88C4339FC4AC}.Debug|Any CPU.ActiveCfg = Debug|Any CPU
		{45EE3B52-D3CE-4BA3-B4D8-88C4339FC4AC}.Debug|Any CPU.Build.0 = Debug|Any CPU
		{45EE3B52-D3CE-4BA3-B4D8-88C4339FC4AC}.Release|Any CPU.ActiveCfg = Release|Any CPU
		{45EE3B52-D3CE-4BA3-B4D8-88C4339FC4AC}.Release|Any CPU.Build.0 = Release|Any CPU
	EndGlobalSection
	GlobalSection(SolutionProperties) = preSolution
		HideSolutionNode = FALSE
	EndGlobalSection
	GlobalSection(ExtensibilityGlobals) = postSolution
		SolutionGuid = {AF896C16-2821-4976-9555-17957E11EF56}
	EndGlobalSection
EndGlobal
